
Microsoft Visual Studio Solution File, Format Version 12.00
# Visual Studio Version 17
VisualStudioVersion = 17.3.32929.385
MinimumVisualStudioVersion = 10.0.40219.1
Project("{FAE04EC0-301F-11D3-BF4B-00C04F79EFBC}") = "Websocket-Server", "Websocket-Server.csproj", "{5F8F63DB-4423-4431-AC6F-506555EFCD00}"
EndProject
Global
	GlobalSection(SolutionConfigurationPlatforms) = preSolution
		Debug|Any CPU = Debug|Any CPU
		Release|Any CPU = Release|Any CPU
	EndGlobalSection
	GlobalSection(ProjectConfigurationPlatforms) = postSolution
		{5F8F63DB-4423-4431-AC6F-506555EFCD00}.Debug|Any CPU.ActiveCfg = Debug|Any CPU
		{5F8F63DB-4423-4431-AC6F-506555EFCD00}.Debug|Any CPU.Build.0 = Debug|Any CPU
		{5F8F63DB-4423-4431-AC6F-506555EFCD00}.Release|Any CPU.ActiveCfg = Release|Any CPU
		{5F8F63DB-4423-4431-AC6F-506555EFCD00}.Release|Any CPU.Build.0 = Release|Any CPU
	EndGlobalSection
	GlobalSection(SolutionProperties) = preSolution
		HideSolutionNode = FALSE
	EndGlobalSection
	GlobalSection(ExtensibilityGlobals) = postSolution
		SolutionGuid = {7540A3F8-FE9B-4024-90B6-ADEA70AD2FBB}
	EndGlobalSection
EndGlobal
